PODS:
  - nrstations (1.0.0-ALPHA-5-TEST)
  - SwiftLint (0.55.1)

DEPENDENCIES:
  - nrstations (from `../nrstations/`)
  - SwiftLint

SPEC REPOS:
  trunk:
    - SwiftLint

EXTERNAL SOURCES:
  nrstations:
    :path: "../nrstations/"

SPEC CHECKSUMS:
  nrstations: 40d4f59442fadff34ee5be14796c34d14d6637be
  SwiftLint: 3fe909719babe5537c552ee8181c0031392be933

PODFILE CHECKSUM: 9eb91268b578b1e783a34b17fbba4745fa06b292

COCOAPODS: 1.15.2
