PODS:
  - nrstations (0.0.54-SNAPSHOT)
  - SwiftLint (0.49.1)

DEPENDENCIES:
  - nrstations (from `../nrstations/`)
  - SwiftLint

SPEC REPOS:
  trunk:
    - SwiftLint

EXTERNAL SOURCES:
  nrstations:
    :path: "../nrstations/"

SPEC CHECKSUMS:
  nrstations: 85523d8bc7aea0c48b55807013b747339116a6f5
  SwiftLint: 32ee33ded0636d0905ef6911b2b67bbaeeedafa5

PODFILE CHECKSUM: 6feed04243ba1a52c644968756fc1ac873a426f6

COCOAPODS: 1.12.1
