{
  "pins" : [
    {
      "identity" : "kmm-viewmodel",
      "kind" : "remoteSourceControl",
      "location" : "https://github.com/rickclephas/KMM-ViewModel.git",
      "state" : {
        "branch" : "master",
        "revision" : "ee4a96b11cab114d0abb43acddcb9edbc75f922c"
      }
    }
  ],
  "version" : 2
}
