{
  "originHash" : "ad556088e5aec34cec10a7ca9ac4b521b542b15ac04d30f37ec7b0f6e795db36",
  "pins" : [
    {
      "identity" : "kmm-viewmodel",
      "kind" : "remoteSourceControl",
      "location" : "https://github.com/rickclephas/KMM-ViewModel.git",
      "state" : {
        "revision" : "f6f15e942f9e231aa0c650d6b82024984573046c",
        "version" : "1.0.0"
      }
    }
  ],
  "version" : 3
}
